// !$*UTF8*$!
{
	archiveVersion = 1;
	classes = {};
	objectVersion = 77;
	objects = {

/* Begin PBXBuildFile section */
		A10000000000000000000001 /* EZTriviaApp.swift in Sources */ = {isa = PBXBuildFile; fileRef = B10000000000000000000001 /* EZTriviaApp.swift */; };
		A10000000000000000000002 /* Theme.swift in Sources */ = {isa = PBXBuildFile; fileRef = B10000000000000000000002 /* Theme.swift */; };
		A10000000000000000000003 /* ScoreStore.swift in Sources */ = {isa = PBXBuildFile; fileRef = B10000000000000000000003 /* ScoreStore.swift */; };
		A10000000000000000000004 /* RootView.swift in Sources */ = {isa = PBXBuildFile; fileRef = B10000000000000000000004 /* RootView.swift */; };
		A10000000000000000000005 /* GameView.swift in Sources */ = {isa = PBXBuildFile; fileRef = B10000000000000000000005 /* GameView.swift */; };
		A10000000000000000000006 /* LeaderboardView.swift in Sources */ = {isa = PBXBuildFile; fileRef = B10000000000000000000006 /* LeaderboardView.swift */; };
		A10000000000000000000007 /* Models.swift in Sources */ = {isa = PBXBuildFile; fileRef = B10000000000000000000007 /* Models.swift */; };
		A10000000000000000000008 /* TriviaEngine.swift in Sources */ = {isa = PBXBuildFile; fileRef = B10000000000000000000008 /* TriviaEngine.swift */; };
		A10000000000000000000009 /* QuestionBank.swift in Sources */ = {isa = PBXBuildFile; fileRef = B10000000000000000000009 /* QuestionBank.swift */; };
		A1000000000000000000000A /* GameCenterManager.swift in Sources */ = {isa = PBXBuildFile; fileRef = B1000000000000000000000A /* GameCenterManager.swift */; };
		A1000000000000000000000B /* Telemetry.swift in Sources */ = {isa = PBXBuildFile; fileRef = B1000000000000000000000B /* Telemetry.swift */; };
		A1000000000000000000000C /* AdBannerView.swift in Sources */ = {isa = PBXBuildFile; fileRef = B1000000000000000000000C /* AdBannerView.swift */; };
		A1000000000000000000000D /* Assets.xcassets in Resources */ = {isa = PBXBuildFile; fileRef = B1000000000000000000000D /* Assets.xcassets */; };
		A1000000000000000000000E /* LaunchScreen.storyboard in Resources */ = {isa = PBXBuildFile; fileRef = B1000000000000000000000E /* LaunchScreen.storyboard */; };
		A1000000000000000000000F /* PrivacyInfo.xcprivacy in Resources */ = {isa = PBXBuildFile; fileRef = B1000000000000000000000F /* PrivacyInfo.xcprivacy */; };
		A10000000000000000000010 /* GameKit.framework in Frameworks */ = {isa = PBXBuildFile; fileRef = B10000000000000000000011 /* GameKit.framework */; };
		A10000000000000000000011 /* GoogleMobileAds in Frameworks */ = {isa = PBXBuildFile; productRef = C30000000000000000000001 /* GoogleMobileAds */; };
		A10000000000000000000015 /* AdConsentManager.swift in Sources */ = {isa = PBXBuildFile; fileRef = B10000000000000000000014 /* AdConsentManager.swift */; };
		A10000000000000000000016 /* GoogleUserMessagingPlatform in Frameworks */ = {isa = PBXBuildFile; productRef = C30000000000000000000004 /* GoogleUserMessagingPlatform */; };
		A10000000000000000000020 /* QuestionSeed.swift in Sources */ = {isa = PBXBuildFile; fileRef = B10000000000000000000020 /* QuestionSeed.swift */; };
		A10000000000000000000021 /* FlagCatalog.swift in Sources */ = {isa = PBXBuildFile; fileRef = B10000000000000000000021 /* FlagCatalog.swift */; };
		A10000000000000000000022 /* FootballQuestions.swift in Sources */ = {isa = PBXBuildFile; fileRef = B10000000000000000000022 /* FootballQuestions.swift */; };
		A10000000000000000000023 /* BasketballQuestions.swift in Sources */ = {isa = PBXBuildFile; fileRef = B10000000000000000000023 /* BasketballQuestions.swift */; };
		A10000000000000000000024 /* SoccerQuestions.swift in Sources */ = {isa = PBXBuildFile; fileRef = B10000000000000000000024 /* SoccerQuestions.swift */; };
		A10000000000000000000025 /* HistoryQuestions.swift in Sources */ = {isa = PBXBuildFile; fileRef = B10000000000000000000025 /* HistoryQuestions.swift */; };
		A10000000000000000000026 /* ScienceQuestions.swift in Sources */ = {isa = PBXBuildFile; fileRef = B10000000000000000000026 /* ScienceQuestions.swift */; };
		A10000000000000000000027 /* MoviesQuestions.swift in Sources */ = {isa = PBXBuildFile; fileRef = B10000000000000000000027 /* MoviesQuestions.swift */; };
		A10000000000000000000028 /* GeographyQuestions.swift in Sources */ = {isa = PBXBuildFile; fileRef = B10000000000000000000028 /* GeographyQuestions.swift */; };
		A10000000000000000000029 /* MusicQuestions.swift in Sources */ = {isa = PBXBuildFile; fileRef = B10000000000000000000029 /* MusicQuestions.swift */; };
		A1000000000000000000002A /* AnimalsQuestions.swift in Sources */ = {isa = PBXBuildFile; fileRef = B1000000000000000000002A /* AnimalsQuestions.swift */; };
		A1000000000000000000002B /* FoodQuestions.swift in Sources */ = {isa = PBXBuildFile; fileRef = B1000000000000000000002B /* FoodQuestions.swift */; };
		A1000000000000000000002C /* FlagFacts.swift in Sources */ = {isa = PBXBuildFile; fileRef = B1000000000000000000002C /* FlagFacts.swift */; };
/* End PBXBuildFile section */

/* Begin PBXFileReference section */
		B10000000000000000000001 /* EZTriviaApp.swift */ = {isa = PBXFileReference; lastKnownFileType = sourcecode.swift; path = EZTriviaApp.swift; sourceTree = "<group>"; };
		B10000000000000000000002 /* Theme.swift */ = {isa = PBXFileReference; lastKnownFileType = sourcecode.swift; path = Theme.swift; sourceTree = "<group>"; };
		B10000000000000000000003 /* ScoreStore.swift */ = {isa = PBXFileReference; lastKnownFileType = sourcecode.swift; path = ScoreStore.swift; sourceTree = "<group>"; };
		B10000000000000000000004 /* RootView.swift */ = {isa = PBXFileReference; lastKnownFileType = sourcecode.swift; path = RootView.swift; sourceTree = "<group>"; };
		B10000000000000000000005 /* GameView.swift */ = {isa = PBXFileReference; lastKnownFileType = sourcecode.swift; path = GameView.swift; sourceTree = "<group>"; };
		B10000000000000000000006 /* LeaderboardView.swift */ = {isa = PBXFileReference; lastKnownFileType = sourcecode.swift; path = LeaderboardView.swift; sourceTree = "<group>"; };
		B10000000000000000000007 /* Models.swift */ = {isa = PBXFileReference; lastKnownFileType = sourcecode.swift; path = Models.swift; sourceTree = "<group>"; };
		B10000000000000000000008 /* TriviaEngine.swift */ = {isa = PBXFileReference; lastKnownFileType = sourcecode.swift; path = TriviaEngine.swift; sourceTree = "<group>"; };
		B10000000000000000000009 /* QuestionBank.swift */ = {isa = PBXFileReference; lastKnownFileType = sourcecode.swift; path = QuestionBank.swift; sourceTree = "<group>"; };
		B10000000000000000000010 /* EZTrivia.app */ = {isa = PBXFileReference; explicitFileType = wrapper.application; path = EZTrivia.app; sourceTree = BUILT_PRODUCTS_DIR; };
		B1000000000000000000000A /* GameCenterManager.swift */ = {isa = PBXFileReference; lastKnownFileType = sourcecode.swift; path = GameCenterManager.swift; sourceTree = "<group>"; };
		B1000000000000000000000B /* Telemetry.swift */ = {isa = PBXFileReference; lastKnownFileType = sourcecode.swift; path = Telemetry.swift; sourceTree = "<group>"; };
		B1000000000000000000000C /* AdBannerView.swift */ = {isa = PBXFileReference; lastKnownFileType = sourcecode.swift; path = AdBannerView.swift; sourceTree = "<group>"; };
		B1000000000000000000000D /* Assets.xcassets */ = {isa = PBXFileReference; lastKnownFileType = folder.assetcatalog; path = Assets.xcassets; sourceTree = "<group>"; };
		B1000000000000000000000E /* LaunchScreen.storyboard */ = {isa = PBXFileReference; lastKnownFileType = file.storyboard; path = LaunchScreen.storyboard; sourceTree = "<group>"; };
		B1000000000000000000000F /* PrivacyInfo.xcprivacy */ = {isa = PBXFileReference; lastKnownFileType = text.xml; path = PrivacyInfo.xcprivacy; sourceTree = "<group>"; };
		B10000000000000000000011 /* GameKit.framework */ = {isa = PBXFileReference; lastKnownFileType = wrapper.framework; name = GameKit.framework; path = System/Library/Frameworks/GameKit.framework; sourceTree = SDKROOT; };
		B10000000000000000000012 /* EZTrivia.entitlements */ = {isa = PBXFileReference; lastKnownFileType = text.plist.entitlements; path = EZTrivia.entitlements; sourceTree = "<group>"; };
		B10000000000000000000014 /* AdConsentManager.swift */ = {isa = PBXFileReference; lastKnownFileType = sourcecode.swift; path = AdConsentManager.swift; sourceTree = "<group>"; };
		B10000000000000000000020 /* QuestionSeed.swift */ = {isa = PBXFileReference; lastKnownFileType = sourcecode.swift; path = QuestionSeed.swift; sourceTree = "<group>"; };
		B10000000000000000000021 /* FlagCatalog.swift */ = {isa = PBXFileReference; lastKnownFileType = sourcecode.swift; path = FlagCatalog.swift; sourceTree = "<group>"; };
		B10000000000000000000022 /* FootballQuestions.swift */ = {isa = PBXFileReference; lastKnownFileType = sourcecode.swift; path = FootballQuestions.swift; sourceTree = "<group>"; };
		B10000000000000000000023 /* BasketballQuestions.swift */ = {isa = PBXFileReference; lastKnownFileType = sourcecode.swift; path = BasketballQuestions.swift; sourceTree = "<group>"; };
		B10000000000000000000024 /* SoccerQuestions.swift */ = {isa = PBXFileReference; lastKnownFileType = sourcecode.swift; path = SoccerQuestions.swift; sourceTree = "<group>"; };
		B10000000000000000000025 /* HistoryQuestions.swift */ = {isa = PBXFileReference; lastKnownFileType = sourcecode.swift; path = HistoryQuestions.swift; sourceTree = "<group>"; };
		B10000000000000000000026 /* ScienceQuestions.swift */ = {isa = PBXFileReference; lastKnownFileType = sourcecode.swift; path = ScienceQuestions.swift; sourceTree = "<group>"; };
		B10000000000000000000027 /* MoviesQuestions.swift */ = {isa = PBXFileReference; lastKnownFileType = sourcecode.swift; path = MoviesQuestions.swift; sourceTree = "<group>"; };
		B10000000000000000000028 /* GeographyQuestions.swift */ = {isa = PBXFileReference; lastKnownFileType = sourcecode.swift; path = GeographyQuestions.swift; sourceTree = "<group>"; };
		B10000000000000000000029 /* MusicQuestions.swift */ = {isa = PBXFileReference; lastKnownFileType = sourcecode.swift; path = MusicQuestions.swift; sourceTree = "<group>"; };
		B1000000000000000000002A /* AnimalsQuestions.swift */ = {isa = PBXFileReference; lastKnownFileType = sourcecode.swift; path = AnimalsQuestions.swift; sourceTree = "<group>"; };
		B1000000000000000000002B /* FoodQuestions.swift */ = {isa = PBXFileReference; lastKnownFileType = sourcecode.swift; path = FoodQuestions.swift; sourceTree = "<group>"; };
		B1000000000000000000002C /* FlagFacts.swift */ = {isa = PBXFileReference; lastKnownFileType = sourcecode.swift; path = FlagFacts.swift; sourceTree = "<group>"; };
/* End PBXFileReference section */

/* Begin PBXFrameworksBuildPhase section */
		C10000000000000000000001 = {isa = PBXFrameworksBuildPhase; buildActionMask = 2147483647; files = (A10000000000000000000010, A10000000000000000000011, A10000000000000000000016); runOnlyForDeploymentPostprocessing = 0; };
/* End PBXFrameworksBuildPhase section */

/* Begin PBXGroup section */
		D10000000000000000000001 = {isa = PBXGroup; children = (D10000000000000000000002 /* EZTriviaApp */, D10000000000000000000003 /* Core */, D10000000000000000000004 /* Products */, B10000000000000000000011 /* GameKit.framework */); sourceTree = "<group>"; };
		D10000000000000000000002 /* EZTriviaApp */ = {isa = PBXGroup; children = (B10000000000000000000001, B10000000000000000000002, B10000000000000000000003, B10000000000000000000004, B10000000000000000000005, B10000000000000000000006, B1000000000000000000000A, B1000000000000000000000B, B1000000000000000000000C, B1000000000000000000000D, B1000000000000000000000E, B1000000000000000000000F, B10000000000000000000012, B10000000000000000000014); path = EZTriviaApp; sourceTree = "<group>"; };
		D10000000000000000000003 /* Core */ = {isa = PBXGroup; children = (B10000000000000000000007, B10000000000000000000008, B10000000000000000000009, B10000000000000000000020, B10000000000000000000021, B1000000000000000000002C, D10000000000000000000005 /* Questions */); path = Sources/EZTriviaCore; sourceTree = "<group>"; };
		D10000000000000000000004 /* Products */ = {isa = PBXGroup; children = (B10000000000000000000010); name = Products; sourceTree = "<group>"; };
		D10000000000000000000005 /* Questions */ = {isa = PBXGroup; children = (B10000000000000000000022, B10000000000000000000023, B10000000000000000000024, B10000000000000000000025, B10000000000000000000026, B10000000000000000000027, B10000000000000000000028, B10000000000000000000029, B1000000000000000000002A, B1000000000000000000002B); path = Questions; sourceTree = "<group>"; };
/* End PBXGroup section */

/* Begin PBXNativeTarget section */
		E10000000000000000000001 /* EZTrivia */ = {isa = PBXNativeTarget; buildConfigurationList = F10000000000000000000002; buildPhases = (C10000000000000000000004, C10000000000000000000003, C10000000000000000000001, C10000000000000000000002); buildRules = (); dependencies = (); name = EZTrivia; productName = EZTrivia; productReference = B10000000000000000000010; packageProductDependencies = (C30000000000000000000001, C30000000000000000000004); productType = "com.apple.product-type.application"; };
/* End PBXNativeTarget section */

/* Begin PBXProject section */
		E10000000000000000000002 /* Project object */ = {isa = PBXProject; attributes = {BuildIndependentTargetsInParallel = 1; LastSwiftUpdateCheck = 1600; LastUpgradeCheck = 1600; TargetAttributes = {E10000000000000000000001 = {CreatedOnToolsVersion = 16.0;};};}; buildConfigurationList = F10000000000000000000001; compatibilityVersion = "Xcode 16.0"; developmentRegion = en; hasScannedForEncodings = 0; knownRegions = (en, Base); mainGroup = D10000000000000000000001; productRefGroup = D10000000000000000000004; projectDirPath = ""; projectRoot = ""; packageReferences = (C20000000000000000000001, C20000000000000000000003); targets = (E10000000000000000000001); };
/* End PBXProject section */

/* Begin PBXResourcesBuildPhase section */
		C10000000000000000000002 = {isa = PBXResourcesBuildPhase; buildActionMask = 2147483647; files = (A1000000000000000000000D, A1000000000000000000000E, A1000000000000000000000F); runOnlyForDeploymentPostprocessing = 0; };
/* End PBXResourcesBuildPhase section */


/* Begin PBXShellScriptBuildPhase section */
		C10000000000000000000004 /* Configure Game Center in authenticated CI */ = {isa = PBXShellScriptBuildPhase; alwaysOutOfDate = 1; buildActionMask = 2147483647; files = (); inputFileListPaths = (); inputPaths = (); name = "Configure Game Center in authenticated CI"; outputFileListPaths = (); outputPaths = (); runOnlyForDeploymentPostprocessing = 0; shellPath = /bin/sh; shellScript = "if [ -z \"$ASC_KEY_ID\" ] || [ -z \"$ASC_ISSUER_ID\" ]; then\n  echo \"Game Center provisioning skipped (no App Store Connect credentials).\"\n  exit 0\nfi\npython3 -c 'import jwt, requests' 2>/dev/null || python3 -m pip install --quiet --user 'pyjwt[crypto]' requests\nlog=\"${TMPDIR:-/tmp}/game-center-provisioning.log\"\nif ! ASC_KEY_PATH=\"$HOME/private_keys/AuthKey_${ASC_KEY_ID}.p8\" python3 \"$SRCROOT/Scripts/configure_game_center.py\" >\"$log\" 2>&1; then\n  while IFS= read -r line; do echo \"warning: Game Center provisioning: $line\"; done < \"$log\"\n  echo \"warning: Game Center provisioning did not complete; continuing the app archive.\"\n  exit 0\nfi\ncat \"$log\"\n"; };
/* End PBXShellScriptBuildPhase section */

/* Begin PBXSourcesBuildPhase section */
		C10000000000000000000003 = {isa = PBXSourcesBuildPhase; buildActionMask = 2147483647; files = (A10000000000000000000001, A10000000000000000000002, A10000000000000000000003, A10000000000000000000004, A10000000000000000000005, A10000000000000000000006, A10000000000000000000007, A10000000000000000000008, A10000000000000000000009, A1000000000000000000000A, A1000000000000000000000B, A1000000000000000000000C, A10000000000000000000015, A10000000000000000000020, A10000000000000000000021, A10000000000000000000022, A10000000000000000000023, A10000000000000000000024, A10000000000000000000025, A10000000000000000000026, A10000000000000000000027, A10000000000000000000028, A10000000000000000000029, A1000000000000000000002A, A1000000000000000000002B, A1000000000000000000002C); runOnlyForDeploymentPostprocessing = 0; };
/* End PBXSourcesBuildPhase section */


/* Begin XCRemoteSwiftPackageReference section */
		C20000000000000000000001 /* googleads-mobile-ios-spm */ = {isa = XCRemoteSwiftPackageReference; repositoryURL = "https://github.com/googleads/swift-package-manager-google-mobile-ads.git"; requirement = {kind = upToNextMajorVersion; minimumVersion = 12.0.0;};};
		C20000000000000000000003 /* googleads-ump-ios-spm */ = {isa = XCRemoteSwiftPackageReference; repositoryURL = "https://github.com/googleads/swift-package-manager-google-user-messaging-platform.git"; requirement = {kind = upToNextMajorVersion; minimumVersion = 3.0.0;};};
/* End XCRemoteSwiftPackageReference section */

/* Begin XCSwiftPackageProductDependency section */
		C30000000000000000000001 /* GoogleMobileAds */ = {isa = XCSwiftPackageProductDependency; package = C20000000000000000000001; productName = GoogleMobileAds;};
		C30000000000000000000004 /* GoogleUserMessagingPlatform */ = {isa = XCSwiftPackageProductDependency; package = C20000000000000000000003; productName = GoogleUserMessagingPlatform;};
/* End XCSwiftPackageProductDependency section */

/* Begin XCBuildConfiguration section */
		F20000000000000000000001 /* Debug */ = {isa = XCBuildConfiguration; buildSettings = {ALWAYS_SEARCH_USER_PATHS = NO; CLANG_ENABLE_MODULES = YES; CLANG_ENABLE_OBJC_ARC = YES; COPY_PHASE_STRIP = NO; DEBUG_INFORMATION_FORMAT = dwarf; ENABLE_TESTABILITY = YES; GCC_C_LANGUAGE_STANDARD = gnu17; GCC_OPTIMIZATION_LEVEL = 0; ONLY_ACTIVE_ARCH = YES; SWIFT_ACTIVE_COMPILATION_CONDITIONS = "DEBUG $(inherited)"; SWIFT_OPTIMIZATION_LEVEL = "-Onone";}; name = Debug; };
		F20000000000000000000002 /* Release */ = {isa = XCBuildConfiguration; buildSettings = {ALWAYS_SEARCH_USER_PATHS = NO; CLANG_ENABLE_MODULES = YES; CLANG_ENABLE_OBJC_ARC = YES; DEBUG_INFORMATION_FORMAT = "dwarf-with-dsym"; ENABLE_NS_ASSERTIONS = NO; GCC_C_LANGUAGE_STANDARD = gnu17; SWIFT_COMPILATION_MODE = wholemodule; SWIFT_OPTIMIZATION_LEVEL = "-O";}; name = Release; };
		F20000000000000000000003 /* Debug */ = {isa = XCBuildConfiguration; buildSettings = {ASSETCATALOG_COMPILER_APPICON_NAME = AppIcon; ASSETCATALOG_COMPILER_GENERATE_SWIFT_ASSET_SYMBOL_EXTENSIONS = YES; ADMOB_APP_ID = "ca-app-pub-3940256099942544~1458002511"; ADMOB_BANNER_ID = "ca-app-pub-3940256099942544/2435281174"; CODE_SIGN_ENTITLEMENTS = EZTriviaApp/EZTrivia.entitlements; CODE_SIGN_STYLE = Automatic; CURRENT_PROJECT_VERSION = 1; DEVELOPMENT_TEAM = 3564X3VTDB; ENABLE_PREVIEWS = YES; GENERATE_INFOPLIST_FILE = NO; INFOPLIST_FILE = EZTriviaApp/Info.plist; IPHONEOS_DEPLOYMENT_TARGET = 17.0; MARKETING_VERSION = 1.0; PRODUCT_BUNDLE_IDENTIFIER = com.rsm.eztrivia; PRODUCT_NAME = "$(TARGET_NAME)"; SDKROOT = iphoneos; SUPPORTED_PLATFORMS = "iphoneos iphonesimulator"; SWIFT_EMIT_LOC_STRINGS = YES; SWIFT_VERSION = 5.0; TARGETED_DEVICE_FAMILY = 1;}; name = Debug; };
		F20000000000000000000004 /* Release */ = {isa = XCBuildConfiguration; buildSettings = {ASSETCATALOG_COMPILER_APPICON_NAME = AppIcon; ASSETCATALOG_COMPILER_GENERATE_SWIFT_ASSET_SYMBOL_EXTENSIONS = YES; ADMOB_APP_ID = "ca-app-pub-3388571830343061~4987263013"; ADMOB_BANNER_ID = "ca-app-pub-3388571830343061/4408678515"; CODE_SIGN_ENTITLEMENTS = EZTriviaApp/EZTrivia.entitlements; CODE_SIGN_STYLE = Automatic; CURRENT_PROJECT_VERSION = 1; DEVELOPMENT_TEAM = 3564X3VTDB; ENABLE_PREVIEWS = NO; GENERATE_INFOPLIST_FILE = NO; INFOPLIST_FILE = EZTriviaApp/Info.plist; IPHONEOS_DEPLOYMENT_TARGET = 17.0; MARKETING_VERSION = 1.0; PRODUCT_BUNDLE_IDENTIFIER = com.rsm.eztrivia; PRODUCT_NAME = "$(TARGET_NAME)"; SDKROOT = iphoneos; SUPPORTED_PLATFORMS = "iphoneos iphonesimulator"; SWIFT_EMIT_LOC_STRINGS = YES; SWIFT_VERSION = 5.0; TARGETED_DEVICE_FAMILY = 1;}; name = Release; };
/* End XCBuildConfiguration section */

/* Begin XCConfigurationList section */
		F10000000000000000000001 = {isa = XCConfigurationList; buildConfigurations = (F20000000000000000000001, F20000000000000000000002); defaultConfigurationIsVisible = 0; defaultConfigurationName = Release; };
		F10000000000000000000002 = {isa = XCConfigurationList; buildConfigurations = (F20000000000000000000003, F20000000000000000000004); defaultConfigurationIsVisible = 0; defaultConfigurationName = Release; };
/* End XCConfigurationList section */
	};
	rootObject = E10000000000000000000002 /* Project object */;
}
